
Microsoft Visual Studio Solution File, Format Version 12.00
# Visual Studio 15
VisualStudioVersion = 15.0.28306.52
MinimumVisualStudioVersion = 10.0.40219.1
Project("{9A19103F-16F7-4668-BE54-9A1E7A4F7556}") = "CandidateManagement.Business", "CandidateManagement.Business.csproj", "{DB909417-2CF8-4DA7-91F9-8017D7CFFA21}"
EndProject
Global
	GlobalSection(SolutionConfigurationPlatforms) = preSolution
		Debug|Any CPU = Debug|Any CPU
		Release|Any CPU = Release|Any CPU
	EndGlobalSection
	GlobalSection(ProjectConfigurationPlatforms) = postSolution
		{DB909417-2CF8-4DA7-91F9-8017D7CFFA21}.Debug|Any CPU.ActiveCfg = Debug|Any CPU
		{DB909417-2CF8-4DA7-91F9-8017D7CFFA21}.Debug|Any CPU.Build.0 = Debug|Any CPU
		{DB909417-2CF8-4DA7-91F9-8017D7CFFA21}.Release|Any CPU.ActiveCfg = Release|Any CPU
		{DB909417-2CF8-4DA7-91F9-8017D7CFFA21}.Release|Any CPU.Build.0 = Release|Any CPU
	EndGlobalSection
	GlobalSection(SolutionProperties) = preSolution
		HideSolutionNode = FALSE
	EndGlobalSection
	GlobalSection(ExtensibilityGlobals) = postSolution
		SolutionGuid = {A74B79B6-5639-4978-8B6D-D0703474D01D}
	EndGlobalSection
EndGlobal
